
Microsoft Visual Studio Solution File, Format Version 12.00
# Visual Studio Version 17
VisualStudioVersion = 17.4.33103.184
MinimumVisualStudioVersion = 10.0.40219.1
Project("{9A19103F-16F7-4668-BE54-9A1E7A4F7556}") = "01EJEM_MVC_CORE", "01EJEM_MVC_CORE\01EJEM_MVC_CORE.csproj", "{EF7BB3E9-425A-45CC-B644-1B189D849A1F}"
EndProject
Project("{9A19103F-16F7-4668-BE54-9A1E7A4F7556}") = "02EJEM_SERVICIOS_API_PERSONAS", "02EJEM_SERVICIOS_API_PERSONAS\02EJEM_SERVICIOS_API_PERSONAS.csproj", "{E53125E0-1E5B-4F87-B657-4988BF9440C2}"
EndProject
Project("{FAE04EC0-301F-11D3-BF4B-00C04F79EFBC}") = "03EJEM_CONSUMIR_WEB_API_PERSONAS_WINFORM", "03EJEM_CONSUMIR_WEB_API_PERSONAS_WINFORM\03EJEM_CONSUMIR_WEB_API_PERSONAS_WINFORM.csproj", "{21A078DE-4AE5-4154-A0F9-85DB113F56E9}"
EndProject
Project("{FAE04EC0-301F-11D3-BF4B-00C04F79EFBC}") = "04EJEM_CONSUMIR_WEB_API_PERSONAS_MVC", "04EJEM_CONSUMIR_WEB_API_PERSONAS_MVC\04EJEM_CONSUMIR_WEB_API_PERSONAS_MVC.csproj", "{BA6832E3-BB9C-4166-BAC8-735DF1CCB42D}"
EndProject
Project("{9A19103F-16F7-4668-BE54-9A1E7A4F7556}") = "05EJEM_API_EMPLEADOS_CORE", "05EJEM_API_EMPLEADOS_CORE\05EJEM_API_EMPLEADOS_CORE.csproj", "{8C782186-794E-4C13-B0F1-4020428FEB58}"
EndProject
Project("{FAE04EC0-301F-11D3-BF4B-00C04F79EFBC}") = "06EJEM_WEB_API_EMPLEADOS_OFICIOS_PUT", "06EJEM_WEB_API_EMPLEADOS_OFICIOS_PUT\06EJEM_WEB_API_EMPLEADOS_OFICIOS_PUT.csproj", "{28BE80D6-AB2F-430B-9A2C-B99C0C39A6B5}"
EndProject
Project("{FAE04EC0-301F-11D3-BF4B-00C04F79EFBC}") = "07EJEM_COMSUMIR_WEB_API", "07EJEM_COMSUMIR_WEB_API\07EJEM_COMSUMIR_WEB_API.csproj", "{EBBA13F8-693B-47FE-929C-87936BD1A9DE}"
EndProject
Project("{FAE04EC0-301F-11D3-BF4B-00C04F79EFBC}") = "08EJEM_CRUD_WEB_API_DEPARTAMENTOS_CORE", "08EJEM_CRUD_WEB_API_DEPARTAMENTOS_CORE\08EJEM_CRUD_WEB_API_DEPARTAMENTOS_CORE.csproj", "{846B3B63-1946-4548-9385-2A7B7A12C54E}"
EndProject
Global
	GlobalSection(SolutionConfigurationPlatforms) = preSolution
		Debug|Any CPU = Debug|Any CPU
		Release|Any CPU = Release|Any CPU
	EndGlobalSection
	GlobalSection(ProjectConfigurationPlatforms) = postSolution
		{EF7BB3E9-425A-45CC-B644-1B189D849A1F}.Debug|Any CPU.ActiveCfg = Debug|Any CPU
		{EF7BB3E9-425A-45CC-B644-1B189D849A1F}.Debug|Any CPU.Build.0 = Debug|Any CPU
		{EF7BB3E9-425A-45CC-B644-1B189D849A1F}.Release|Any CPU.ActiveCfg = Release|Any CPU
		{EF7BB3E9-425A-45CC-B644-1B189D849A1F}.Release|Any CPU.Build.0 = Release|Any CPU
		{E53125E0-1E5B-4F87-B657-4988BF9440C2}.Debug|Any CPU.ActiveCfg = Debug|Any CPU
		{E53125E0-1E5B-4F87-B657-4988BF9440C2}.Debug|Any CPU.Build.0 = Debug|Any CPU
		{E53125E0-1E5B-4F87-B657-4988BF9440C2}.Release|Any CPU.ActiveCfg = Release|Any CPU
		{E53125E0-1E5B-4F87-B657-4988BF9440C2}.Release|Any CPU.Build.0 = Release|Any CPU
		{21A078DE-4AE5-4154-A0F9-85DB113F56E9}.Debug|Any CPU.ActiveCfg = Debug|Any CPU
		{21A078DE-4AE5-4154-A0F9-85DB113F56E9}.Debug|Any CPU.Build.0 = Debug|Any CPU
		{21A078DE-4AE5-4154-A0F9-85DB113F56E9}.Release|Any CPU.ActiveCfg = Release|Any CPU
		{21A078DE-4AE5-4154-A0F9-85DB113F56E9}.Release|Any CPU.Build.0 = Release|Any CPU
		{BA6832E3-BB9C-4166-BAC8-735DF1CCB42D}.Debug|Any CPU.ActiveCfg = Debug|Any CPU
		{BA6832E3-BB9C-4166-BAC8-735DF1CCB42D}.Debug|Any CPU.Build.0 = Debug|Any CPU
		{BA6832E3-BB9C-4166-BAC8-735DF1CCB42D}.Release|Any CPU.ActiveCfg = Release|Any CPU
		{BA6832E3-BB9C-4166-BAC8-735DF1CCB42D}.Release|Any CPU.Build.0 = Release|Any CPU
		{8C782186-794E-4C13-B0F1-4020428FEB58}.Debug|Any CPU.ActiveCfg = Debug|Any CPU
		{8C782186-794E-4C13-B0F1-4020428FEB58}.Debug|Any CPU.Build.0 = Debug|Any CPU
		{8C782186-794E-4C13-B0F1-4020428FEB58}.Release|Any CPU.ActiveCfg = Release|Any CPU
		{8C782186-794E-4C13-B0F1-4020428FEB58}.Release|Any CPU.Build.0 = Release|Any CPU
		{28BE80D6-AB2F-430B-9A2C-B99C0C39A6B5}.Debug|Any CPU.ActiveCfg = Debug|Any CPU
		{28BE80D6-AB2F-430B-9A2C-B99C0C39A6B5}.Debug|Any CPU.Build.0 = Debug|Any CPU
		{28BE80D6-AB2F-430B-9A2C-B99C0C39A6B5}.Release|Any CPU.ActiveCfg = Release|Any CPU
		{28BE80D6-AB2F-430B-9A2C-B99C0C39A6B5}.Release|Any CPU.Build.0 = Release|Any CPU
		{EBBA13F8-693B-47FE-929C-87936BD1A9DE}.Debug|Any CPU.ActiveCfg = Debug|Any CPU
		{EBBA13F8-693B-47FE-929C-87936BD1A9DE}.Debug|Any CPU.Build.0 = Debug|Any CPU
		{EBBA13F8-693B-47FE-929C-87936BD1A9DE}.Release|Any CPU.ActiveCfg = Release|Any CPU
		{EBBA13F8-693B-47FE-929C-87936BD1A9DE}.Release|Any CPU.Build.0 = Release|Any CPU
		{846B3B63-1946-4548-9385-2A7B7A12C54E}.Debug|Any CPU.ActiveCfg = Debug|Any CPU
		{846B3B63-1946-4548-9385-2A7B7A12C54E}.Debug|Any CPU.Build.0 = Debug|Any CPU
		{846B3B63-1946-4548-9385-2A7B7A12C54E}.Release|Any CPU.ActiveCfg = Release|Any CPU
		{846B3B63-1946-4548-9385-2A7B7A12C54E}.Release|Any CPU.Build.0 = Release|Any CPU
	EndGlobalSection
	GlobalSection(SolutionProperties) = preSolution
		HideSolutionNode = FALSE
	EndGlobalSection
	GlobalSection(ExtensibilityGlobals) = postSolution
		SolutionGuid = {44D2896F-A412-42FF-BCC5-F71D3194D31E}
	EndGlobalSection
EndGlobal
